
Microsoft Visual Studio Solution File, Format Version 12.00
# Visual Studio Version 17
VisualStudioVersion = 17.2.32519.379
MinimumVisualStudioVersion = 10.0.40219.1
Project("{778DAE3C-4631-46EA-AA77-85C1314464D9}") = "iptest", "iptest.vbproj", "{3BEF2260-4659-4E3B-A660-808DA0733B77}"
EndProject
Global
	GlobalSection(SolutionConfigurationPlatforms) = preSolution
		Debug|Any CPU = Debug|Any CPU
		Release|Any CPU = Release|Any CPU
	EndGlobalSection
	GlobalSection(ProjectConfigurationPlatforms) = postSolution
		{3BEF2260-4659-4E3B-A660-808DA0733B77}.Debug|Any CPU.ActiveCfg = Debug|Any CPU
		{3BEF2260-4659-4E3B-A660-808DA0733B77}.Debug|Any CPU.Build.0 = Debug|Any CPU
		{3BEF2260-4659-4E3B-A660-808DA0733B77}.Release|Any CPU.ActiveCfg = Release|Any CPU
		{3BEF2260-4659-4E3B-A660-808DA0733B77}.Release|Any CPU.Build.0 = Release|Any CPU
	EndGlobalSection
	GlobalSection(SolutionProperties) = preSolution
		HideSolutionNode = FALSE
	EndGlobalSection
	GlobalSection(ExtensibilityGlobals) = postSolution
		SolutionGuid = {31C78BF2-2C59-4D0D-AF89-F9E2EC1EA4A1}
	EndGlobalSection
EndGlobal
