
Microsoft Visual Studio Solution File, Format Version 12.00
# Visual Studio Version 17
VisualStudioVersion = 17.1.32421.90
MinimumVisualStudioVersion = 10.0.40219.1
Project("{F184B08F-C81C-45F6-A57F-5ABD9991F28F}") = "gamestore", "gamestore.vbproj", "{93093F87-D90A-47CD-A894-E012238F6582}"
EndProject
Global
	GlobalSection(SolutionConfigurationPlatforms) = preSolution
		Debug|Any CPU = Debug|Any CPU
		Release|Any CPU = Release|Any CPU
	EndGlobalSection
	GlobalSection(ProjectConfigurationPlatforms) = postSolution
		{93093F87-D90A-47CD-A894-E012238F6582}.Debug|Any CPU.ActiveCfg = Debug|Any CPU
		{93093F87-D90A-47CD-A894-E012238F6582}.Debug|Any CPU.Build.0 = Debug|Any CPU
		{93093F87-D90A-47CD-A894-E012238F6582}.Release|Any CPU.ActiveCfg = Release|Any CPU
		{93093F87-D90A-47CD-A894-E012238F6582}.Release|Any CPU.Build.0 = Release|Any CPU
	EndGlobalSection
	GlobalSection(SolutionProperties) = preSolution
		HideSolutionNode = FALSE
	EndGlobalSection
	GlobalSection(ExtensibilityGlobals) = postSolution
		SolutionGuid = {8781D582-9C5F-4BF5-AA3C-1E174F187BF1}
	EndGlobalSection
EndGlobal
